
Microsoft Visual Studio Solution File, Format Version 12.00
# Visual Studio 15
Project("{FAE04EC0-301F-11D3-BF4B-00C04F79EFBC}") = "Assembly-CSharp", "Assembly-CSharp.csproj", "{5E133918-FAC2-AB71-99DF-CED5D9719689}"
EndProject
Project("{FAE04EC0-301F-11D3-BF4B-00C04F79EFBC}") = "Assembly-CSharp-Editor", "Assembly-CSharp-Editor.csproj", "{2628A3BF-844D-F4BA-CA2D-55E50894A766}"
EndProject
Global
	GlobalSection(SolutionConfigurationPlatforms) = preSolution
		Debug|Any CPU = Debug|Any CPU
		Release|Any CPU = Release|Any CPU
	EndGlobalSection
	GlobalSection(ProjectConfigurationPlatforms) = postSolution
		{5E133918-FAC2-AB71-99DF-CED5D9719689}.Debug|Any CPU.ActiveCfg = Debug|Any CPU
		{5E133918-FAC2-AB71-99DF-CED5D9719689}.Debug|Any CPU.Build.0 = Debug|Any CPU
		{5E133918-FAC2-AB71-99DF-CED5D9719689}.Release|Any CPU.ActiveCfg = Release|Any CPU
		{5E133918-FAC2-AB71-99DF-CED5D9719689}.Release|Any CPU.Build.0 = Release|Any CPU
		{2628A3BF-844D-F4BA-CA2D-55E50894A766}.Debug|Any CPU.ActiveCfg = Debug|Any CPU
		{2628A3BF-844D-F4BA-CA2D-55E50894A766}.Debug|Any CPU.Build.0 = Debug|Any CPU
		{2628A3BF-844D-F4BA-CA2D-55E50894A766}.Release|Any CPU.ActiveCfg = Release|Any CPU
		{2628A3BF-844D-F4BA-CA2D-55E50894A766}.Release|Any CPU.Build.0 = Release|Any CPU
	EndGlobalSection
	GlobalSection(SolutionProperties) = preSolution
		HideSolutionNode = FALSE
	EndGlobalSection
EndGlobal
